// !$*UTF8*$!
{
	archiveVersion = 1;
	classes = {
	};
	objectVersion = 55;
	objects = {

/* Begin PBXBuildFile section */
		8A62F5EA2829FD9E00451D61 /* AppDelegate.swift in Sources */ = {isa = PBXBuildFile; fileRef = 8A62F5E92829FD9E00451D61 /* AppDelegate.swift */; };
		8A62F5EC2829FD9E00451D61 /* SceneDelegate.swift in Sources */ = {isa = PBXBuildFile; fileRef = 8A62F5EB2829FD9E00451D61 /* SceneDelegate.swift */; };
		8A62F5EE2829FD9E00451D61 /* ViewController.swift in Sources */ = {isa = PBXBuildFile; fileRef = 8A62F5ED2829FD9E00451D61 /* ViewController.swift */; };
		8A62F5F12829FD9E00451D61 /* Main.storyboard in Resources */ = {isa = PBXBuildFile; fileRef = 8A62F5EF2829FD9E00451D61 /* Main.storyboard */; };
		8A62F5F32829FD9F00451D61 /* Assets.xcassets in Resources */ = {isa = PBXBuildFile; fileRef = 8A62F5F22829FD9F00451D61 /* Assets.xcassets */; };
		8A62F5F62829FD9F00451D61 /* LaunchScreen.storyboard in Resources */ = {isa = PBXBuildFile; fileRef = 8A62F5F42829FD9F00451D61 /* LaunchScreen.storyboard */; };
		8A62F6012829FD9F00451D61 /* SonarQuebeTests.swift in Sources */ = {isa = PBXBuildFile; fileRef = 8A62F6002829FD9F00451D61 /* SonarQuebeTests.swift */; };
		8A62F60B2829FD9F00451D61 /* SonarQuebeUITests.swift in Sources */ = {isa = PBXBuildFile; fileRef = 8A62F60A2829FD9F00451D61 /* SonarQuebeUITests.swift */; };
		8A62F60D2829FD9F00451D61 /* SonarQuebeUITestsLaunchTests.swift in Sources */ = {isa = PBXBuildFile; fileRef = 8A62F60C2829FD9F00451D61 /* SonarQuebeUITestsLaunchTests.swift */; };
/* End PBXBuildFile section */

/* Begin PBXContainerItemProxy section */
		8A62F5FD2829FD9F00451D61 /* PBXContainerItemProxy */ = {
			isa = PBXContainerItemProxy;
			containerPortal = 8A62F5DE2829FD9E00451D61 /* Project object */;
			proxyType = 1;
			remoteGlobalIDString = 8A62F5E52829FD9E00451D61;
			remoteInfo = SonarQuebe;
		};
		8A62F6072829FD9F00451D61 /* PBXContainerItemProxy */ = {
			isa = PBXContainerItemProxy;
			containerPortal = 8A62F5DE2829FD9E00451D61 /* Project object */;
			proxyType = 1;
			remoteGlobalIDString = 8A62F5E52829FD9E00451D61;
			remoteInfo = SonarQuebe;
		};
/* End PBXContainerItemProxy section */

/* Begin PBXFileReference section */
		8A62F5E62829FD9E00451D61 /* SonarQuebe.app */ = {isa = PBXFileReference; explicitFileType = wrapper.application; includeInIndex = 0; path = SonarQuebe.app; sourceTree = BUILT_PRODUCTS_DIR; };
		8A62F5E92829FD9E00451D61 /* AppDelegate.swift */ = {isa = PBXFileReference; lastKnownFileType = sourcecode.swift; path = AppDelegate.swift; sourceTree = "<group>"; };
		8A62F5EB2829FD9E00451D61 /* SceneDelegate.swift */ = {isa = PBXFileReference; lastKnownFileType = sourcecode.swift; path = SceneDelegate.swift; sourceTree = "<group>"; };
		8A62F5ED2829FD9E00451D61 /* ViewController.swift */ = {isa = PBXFileReference; lastKnownFileType = sourcecode.swift; path = ViewController.swift; sourceTree = "<group>"; };
		8A62F5F02829FD9E00451D61 /* Base */ = {isa = PBXFileReference; lastKnownFileType = file.storyboard; name = Base; path = Base.lproj/Main.storyboard; sourceTree = "<group>"; };
		8A62F5F22829FD9F00451D61 /* Assets.xcassets */ = {isa = PBXFileReference; lastKnownFileType = folder.assetcatalog; path = Assets.xcassets; sourceTree = "<group>"; };
		8A62F5F52829FD9F00451D61 /* Base */ = {isa = PBXFileReference; lastKnownFileType = file.storyboard; name = Base; path = Base.lproj/LaunchScreen.storyboard; sourceTree = "<group>"; };
		8A62F5F72829FD9F00451D61 /* Info.plist */ = {isa = PBXFileReference; lastKnownFileType = text.plist.xml; path = Info.plist; sourceTree = "<group>"; };
		8A62F5FC2829FD9F00451D61 /* SonarQuebeTests.xctest */ = {isa = PBXFileReference; explicitFileType = wrapper.cfbundle; includeInIndex = 0; path = SonarQuebeTests.xctest; sourceTree = BUILT_PRODUCTS_DIR; };
		8A62F6002829FD9F00451D61 /* SonarQuebeTests.swift */ = {isa = PBXFileReference; lastKnownFileType = sourcecode.swift; path = SonarQuebeTests.swift; sourceTree = "<group>"; };
		8A62F6062829FD9F00451D61 /* SonarQuebeUITests.xctest */ = {isa = PBXFileReference; explicitFileType = wrapper.cfbundle; includeInIndex = 0; path = SonarQuebeUITests.xctest; sourceTree = BUILT_PRODUCTS_DIR; };
		8A62F60A2829FD9F00451D61 /* SonarQuebeUITests.swift */ = {isa = PBXFileReference; lastKnownFileType = sourcecode.swift; path = SonarQuebeUITests.swift; sourceTree = "<group>"; };
		8A62F60C2829FD9F00451D61 /* SonarQuebeUITestsLaunchTests.swift */ = {isa = PBXFileReference; lastKnownFileType = sourcecode.swift; path = SonarQuebeUITestsLaunchTests.swift; sourceTree = "<group>"; };
/* End PBXFileReference section */

/* Begin PBXFrameworksBuildPhase section */
		8A62F5E32829FD9E00451D61 /* Frameworks */ = {
			isa = PBXFrameworksBuildPhase;
			buildActionMask = 2147483647;
			files = (
			);
			runOnlyForDeploymentPostprocessing = 0;
		};
		8A62F5F92829FD9F00451D61 /* Frameworks */ = {
			isa = PBXFrameworksBuildPhase;
			buildActionMask = 2147483647;
			files = (
			);
			runOnlyForDeploymentPostprocessing = 0;
		};
		8A62F6032829FD9F00451D61 /* Frameworks */ = {
			isa = PBXFrameworksBuildPhase;
			buildActionMask = 2147483647;
			files = (
			);
			runOnlyForDeploymentPostprocessing = 0;
		};
/* End PBXFrameworksBuildPhase section */

/* Begin PBXGroup section */
		8A62F5DD2829FD9E00451D61 = {
			isa = PBXGroup;
			children = (
				8A62F5E82829FD9E00451D61 /* SonarQuebe */,
				8A62F5FF2829FD9F00451D61 /* SonarQuebeTests */,
				8A62F6092829FD9F00451D61 /* SonarQuebeUITests */,
				8A62F5E72829FD9E00451D61 /* Products */,
			);
			sourceTree = "<group>";
		};
		8A62F5E72829FD9E00451D61 /* Products */ = {
			isa = PBXGroup;
			children = (
				8A62F5E62829FD9E00451D61 /* SonarQuebe.app */,
				8A62F5FC2829FD9F00451D61 /* SonarQuebeTests.xctest */,
				8A62F6062829FD9F00451D61 /* SonarQuebeUITests.xctest */,
			);
			name = Products;
			sourceTree = "<group>";
		};
		8A62F5E82829FD9E00451D61 /* SonarQuebe */ = {
			isa = PBXGroup;
			children = (
				8A62F5E92829FD9E00451D61 /* AppDelegate.swift */,
				8A62F5EB2829FD9E00451D61 /* SceneDelegate.swift */,
				8A62F5ED2829FD9E00451D61 /* ViewController.swift */,
				8A62F5EF2829FD9E00451D61 /* Main.storyboard */,
				8A62F5F22829FD9F00451D61 /* Assets.xcassets */,
				8A62F5F42829FD9F00451D61 /* LaunchScreen.storyboard */,
				8A62F5F72829FD9F00451D61 /* Info.plist */,
			);
			path = SonarQuebe;
			sourceTree = "<group>";
		};
		8A62F5FF2829FD9F00451D61 /* SonarQuebeTests */ = {
			isa = PBXGroup;
			children = (
				8A62F6002829FD9F00451D61 /* SonarQuebeTests.swift */,
			);
			path = SonarQuebeTests;
			sourceTree = "<group>";
		};
		8A62F6092829FD9F00451D61 /* SonarQuebeUITests */ = {
			isa = PBXGroup;
			children = (
				8A62F60A2829FD9F00451D61 /* SonarQuebeUITests.swift */,
				8A62F60C2829FD9F00451D61 /* SonarQuebeUITestsLaunchTests.swift */,
			);
			path = SonarQuebeUITests;
			sourceTree = "<group>";
		};
/* End PBXGroup section */

/* Begin PBXNativeTarget section */
		8A62F5E52829FD9E00451D61 /* SonarQuebe */ = {
			isa = PBXNativeTarget;
			buildConfigurationList = 8A62F6102829FD9F00451D61 /* Build configuration list for PBXNativeTarget "SonarQuebe" */;
			buildPhases = (
				8A62F5E22829FD9E00451D61 /* Sources */,
				8A62F5E32829FD9E00451D61 /* Frameworks */,
				8A62F5E42829FD9E00451D61 /* Resources */,
			);
			buildRules = (
			);
			dependencies = (
			);
			name = SonarQuebe;
			productName = SonarQuebe;
			productReference = 8A62F5E62829FD9E00451D61 /* SonarQuebe.app */;
			productType = "com.apple.product-type.application";
		};
		8A62F5FB2829FD9F00451D61 /* SonarQuebeTests */ = {
			isa = PBXNativeTarget;
			buildConfigurationList = 8A62F6132829FD9F00451D61 /* Build configuration list for PBXNativeTarget "SonarQuebeTests" */;
			buildPhases = (
				8A62F5F82829FD9F00451D61 /* Sources */,
				8A62F5F92829FD9F00451D61 /* Frameworks */,
				8A62F5FA2829FD9F00451D61 /* Resources */,
			);
			buildRules = (
			);
			dependencies = (
				8A62F5FE2829FD9F00451D61 /* PBXTargetDependency */,
			);
			name = SonarQuebeTests;
			productName = SonarQuebeTests;
			productReference = 8A62F5FC2829FD9F00451D61 /* SonarQuebeTests.xctest */;
			productType = "com.apple.product-type.bundle.unit-test";
		};
		8A62F6052829FD9F00451D61 /* SonarQuebeUITests */ = {
			isa = PBXNativeTarget;
			buildConfigurationList = 8A62F6162829FD9F00451D61 /* Build configuration list for PBXNativeTarget "SonarQuebeUITests" */;
			buildPhases = (
				8A62F6022829FD9F00451D61 /* Sources */,
				8A62F6032829FD9F00451D61 /* Frameworks */,
				8A62F6042829FD9F00451D61 /* Resources */,
			);
			buildRules = (
			);
			dependencies = (
				8A62F6082829FD9F00451D61 /* PBXTargetDependency */,
			);
			name = SonarQuebeUITests;
			productName = SonarQuebeUITests;
			productReference = 8A62F6062829FD9F00451D61 /* SonarQuebeUITests.xctest */;
			productType = "com.apple.product-type.bundle.ui-testing";
		};
/* End PBXNativeTarget section */

/* Begin PBXProject section */
		8A62F5DE2829FD9E00451D61 /* Project object */ = {
			isa = PBXProject;
			attributes = {
				BuildIndependentTargetsInParallel = 1;
				LastSwiftUpdateCheck = 1300;
				LastUpgradeCheck = 1300;
				TargetAttributes = {
					8A62F5E52829FD9E00451D61 = {
						CreatedOnToolsVersion = 13.0;
					};
					8A62F5FB2829FD9F00451D61 = {
						CreatedOnToolsVersion = 13.0;
						TestTargetID = 8A62F5E52829FD9E00451D61;
					};
					8A62F6052829FD9F00451D61 = {
						CreatedOnToolsVersion = 13.0;
						TestTargetID = 8A62F5E52829FD9E00451D61;
					};
				};
			};
			buildConfigurationList = 8A62F5E12829FD9E00451D61 /* Build configuration list for PBXProject "SonarQuebe" */;
			compatibilityVersion = "Xcode 13.0";
			developmentRegion = en;
			hasScannedForEncodings = 0;
			knownRegions = (
				en,
				Base,
			);
			mainGroup = 8A62F5DD2829FD9E00451D61;
			productRefGroup = 8A62F5E72829FD9E00451D61 /* Products */;
			projectDirPath = "";
			projectRoot = "";
			targets = (
				8A62F5E52829FD9E00451D61 /* SonarQuebe */,
				8A62F5FB2829FD9F00451D61 /* SonarQuebeTests */,
				8A62F6052829FD9F00451D61 /* SonarQuebeUITests */,
			);
		};
/* End PBXProject section */

/* Begin PBXResourcesBuildPhase section */
		8A62F5E42829FD9E00451D61 /* Resources */ = {
			isa = PBXResourcesBuildPhase;
			buildActionMask = 2147483647;
			files = (
				8A62F5F62829FD9F00451D61 /* LaunchScreen.storyboard in Resources */,
				8A62F5F32829FD9F00451D61 /* Assets.xcassets in Resources */,
				8A62F5F12829FD9E00451D61 /* Main.storyboard in Resources */,
			);
			runOnlyForDeploymentPostprocessing = 0;
		};
		8A62F5FA2829FD9F00451D61 /* Resources */ = {
			isa = PBXResourcesBuildPhase;
			buildActionMask = 2147483647;
			files = (
			);
			runOnlyForDeploymentPostprocessing = 0;
		};
		8A62F6042829FD9F00451D61 /* Resources */ = {
			isa = PBXResourcesBuildPhase;
			buildActionMask = 2147483647;
			files = (
			);
			runOnlyForDeploymentPostprocessing = 0;
		};
/* End PBXResourcesBuildPhase section */

/* Begin PBXSourcesBuildPhase section */
		8A62F5E22829FD9E00451D61 /* Sources */ = {
			isa = PBXSourcesBuildPhase;
			buildActionMask = 2147483647;
			files = (
				8A62F5EE2829FD9E00451D61 /* ViewController.swift in Sources */,
				8A62F5EA2829FD9E00451D61 /* AppDelegate.swift in Sources */,
				8A62F5EC2829FD9E00451D61 /* SceneDelegate.swift in Sources */,
			);
			runOnlyForDeploymentPostprocessing = 0;
		};
		8A62F5F82829FD9F00451D61 /* Sources */ = {
			isa = PBXSourcesBuildPhase;
			buildActionMask = 2147483647;
			files = (
				8A62F6012829FD9F00451D61 /* SonarQuebeTests.swift in Sources */,
			);
			runOnlyForDeploymentPostprocessing = 0;
		};
		8A62F6022829FD9F00451D61 /* Sources */ = {
			isa = PBXSourcesBuildPhase;
			buildActionMask = 2147483647;
			files = (
				8A62F60B2829FD9F00451D61 /* SonarQuebeUITests.swift in Sources */,
				8A62F60D2829FD9F00451D61 /* SonarQuebeUITestsLaunchTests.swift in Sources */,
			);
			runOnlyForDeploymentPostprocessing = 0;
		};
/* End PBXSourcesBuildPhase section */

/* Begin PBXTargetDependency section */
		8A62F5FE2829FD9F00451D61 /* PBXTargetDependency */ = {
			isa = PBXTargetDependency;
			target = 8A62F5E52829FD9E00451D61 /* SonarQuebe */;
			targetProxy = 8A62F5FD2829FD9F00451D61 /* PBXContainerItemProxy */;
		};
		8A62F6082829FD9F00451D61 /* PBXTargetDependency */ = {
			isa = PBXTargetDependency;
			target = 8A62F5E52829FD9E00451D61 /* SonarQuebe */;
			targetProxy = 8A62F6072829FD9F00451D61 /* PBXContainerItemProxy */;
		};
/* End PBXTargetDependency section */

/* Begin PBXVariantGroup section */
		8A62F5EF2829FD9E00451D61 /* Main.storyboard */ = {
			isa = PBXVariantGroup;
			children = (
				8A62F5F02829FD9E00451D61 /* Base */,
			);
			name = Main.storyboard;
			sourceTree = "<group>";
		};
		8A62F5F42829FD9F00451D61 /* LaunchScreen.storyboard */ = {
			isa = PBXVariantGroup;
			children = (
				8A62F5F52829FD9F00451D61 /* Base */,
			);
			name = LaunchScreen.storyboard;
			sourceTree = "<group>";
		};
/* End PBXVariantGroup section */

/* Begin XCBuildConfiguration section */
		8A62F60E2829FD9F00451D61 /* Debug */ = {
			isa = XCBuildConfiguration;
			buildSettings = {
				ALWAYS_SEARCH_USER_PATHS = NO;
				CLANG_ANALYZER_NONNULL = YES;
				CLANG_ANALYZER_NUMBER_OBJECT_CONVERSION = YES_AGGRESSIVE;
				CLANG_CXX_LANGUAGE_STANDARD = "gnu++17";
				CLANG_CXX_LIBRARY = "libc++";
				CLANG_ENABLE_MODULES = YES;
				CLANG_ENABLE_OBJC_ARC = YES;
				CLANG_ENABLE_OBJC_WEAK = YES;
				CLANG_WARN_BLOCK_CAPTURE_AUTORELEASING = YES;
				CLANG_WARN_BOOL_CONVERSION = YES;
				CLANG_WARN_COMMA = YES;
				CLANG_WARN_CONSTANT_CONVERSION = YES;
				CLANG_WARN_DEPRECATED_OBJC_IMPLEMENTATIONS = YES;
				CLANG_WARN_DIRECT_OBJC_ISA_USAGE = YES_ERROR;
				CLANG_WARN_DOCUMENTATION_COMMENTS = YES;
				CLANG_WARN_EMPTY_BODY = YES;
				CLANG_WARN_ENUM_CONVERSION = YES;
				CLANG_WARN_INFINITE_RECURSION = YES;
				CLANG_WARN_INT_CONVERSION = YES;
				CLANG_WARN_NON_LITERAL_NULL_CONVERSION = YES;
				CLANG_WARN_OBJC_IMPLICIT_RETAIN_SELF = YES;
				CLANG_WARN_OBJC_LITERAL_CONVERSION = YES;
				CLANG_WARN_OBJC_ROOT_CLASS = YES_ERROR;
				CLANG_WARN_QUOTED_INCLUDE_IN_FRAMEWORK_HEADER = YES;
				CLANG_WARN_RANGE_LOOP_ANALYSIS = YES;
				CLANG_WARN_STRICT_PROTOTYPES = YES;
				CLANG_WARN_SUSPICIOUS_MOVE = YES;
				CLANG_WARN_UNGUARDED_AVAILABILITY = YES_AGGRESSIVE;
				CLANG_WARN_UNREACHABLE_CODE = YES;
				CLANG_WARN__DUPLICATE_METHOD_MATCH = YES;
				COPY_PHASE_STRIP = NO;
				DEBUG_INFORMATION_FORMAT = dwarf;
				ENABLE_STRICT_OBJC_MSGSEND = YES;
				ENABLE_TESTABILITY = YES;
				GCC_C_LANGUAGE_STANDARD = gnu11;
				GCC_DYNAMIC_NO_PIC = NO;
				GCC_NO_COMMON_BLOCKS = YES;
				GCC_OPTIMIZATION_LEVEL = 0;
				GCC_PREPROCESSOR_DEFINITIONS = (
					"DEBUG=1",
					"$(inherited)",
				);
				GCC_WARN_64_TO_32_BIT_CONVERSION = YES;
				GCC_WARN_ABOUT_RETURN_TYPE = YES_ERROR;
				GCC_WARN_UNDECLARED_SELECTOR = YES;
				GCC_WARN_UNINITIALIZED_AUTOS = YES_AGGRESSIVE;
				GCC_WARN_UNUSED_FUNCTION = YES;
				GCC_WARN_UNUSED_VARIABLE = YES;
				IPHONEOS_DEPLOYMENT_TARGET = 13.0;
				MTL_ENABLE_DEBUG_INFO = INCLUDE_SOURCE;
				MTL_FAST_MATH = YES;
				ONLY_ACTIVE_ARCH = YES;
				SDKROOT = iphoneos;
				SWIFT_ACTIVE_COMPILATION_CONDITIONS = DEBUG;
				SWIFT_OPTIMIZATION_LEVEL = "-Onone";
			};
			name = Debug;
		};
		8A62F60F2829FD9F00451D61 /* Release */ = {
			isa = XCBuildConfiguration;
			buildSettings = {
				ALWAYS_SEARCH_USER_PATHS = NO;
				CLANG_ANALYZER_NONNULL = YES;
				CLANG_ANALYZER_NUMBER_OBJECT_CONVERSION = YES_AGGRESSIVE;
				CLANG_CXX_LANGUAGE_STANDARD = "gnu++17";
				CLANG_CXX_LIBRARY = "libc++";
				CLANG_ENABLE_MODULES = YES;
				CLANG_ENABLE_OBJC_ARC = YES;
				CLANG_ENABLE_OBJC_WEAK = YES;
				CLANG_WARN_BLOCK_CAPTURE_AUTORELEASING = YES;
				CLANG_WARN_BOOL_CONVERSION = YES;
				CLANG_WARN_COMMA = YES;
				CLANG_WARN_CONSTANT_CONVERSION = YES;
				CLANG_WARN_DEPRECATED_OBJC_IMPLEMENTATIONS = YES;
				CLANG_WARN_DIRECT_OBJC_ISA_USAGE = YES_ERROR;
				CLANG_WARN_DOCUMENTATION_COMMENTS = YES;
				CLANG_WARN_EMPTY_BODY = YES;
				CLANG_WARN_ENUM_CONVERSION = YES;
				CLANG_WARN_INFINITE_RECURSION = YES;
				CLANG_WARN_INT_CONVERSION = YES;
				CLANG_WARN_NON_LITERAL_NULL_CONVERSION = YES;
				CLANG_WARN_OBJC_IMPLICIT_RETAIN_SELF = YES;
				CLANG_WARN_OBJC_LITERAL_CONVERSION = YES;
				CLANG_WARN_OBJC_ROOT_CLASS = YES_ERROR;
				CLANG_WARN_QUOTED_INCLUDE_IN_FRAMEWORK_HEADER = YES;
				CLANG_WARN_RANGE_LOOP_ANALYSIS = YES;
				CLANG_WARN_STRICT_PROTOTYPES = YES;
				CLANG_WARN_SUSPICIOUS_MOVE = YES;
				CLANG_WARN_UNGUARDED_AVAILABILITY = YES_AGGRESSIVE;
				CLANG_WARN_UNREACHABLE_CODE = YES;
				CLANG_WARN__DUPLICATE_METHOD_MATCH = YES;
				COPY_PHASE_STRIP = NO;
				DEBUG_INFORMATION_FORMAT = "dwarf-with-dsym";
				ENABLE_NS_ASSERTIONS = NO;
				ENABLE_STRICT_OBJC_MSGSEND = YES;
				GCC_C_LANGUAGE_STANDARD = gnu11;
				GCC_NO_COMMON_BLOCKS = YES;
				GCC_WARN_64_TO_32_BIT_CONVERSION = YES;
				GCC_WARN_ABOUT_RETURN_TYPE = YES_ERROR;
				GCC_WARN_UNDECLARED_SELECTOR = YES;
				GCC_WARN_UNINITIALIZED_AUTOS = YES_AGGRESSIVE;
				GCC_WARN_UNUSED_FUNCTION = YES;
				GCC_WARN_UNUSED_VARIABLE = YES;
				IPHONEOS_DEPLOYMENT_TARGET = 13.0;
				MTL_ENABLE_DEBUG_INFO = NO;
				MTL_FAST_MATH = YES;
				SDKROOT = iphoneos;
				SWIFT_COMPILATION_MODE = wholemodule;
				SWIFT_OPTIMIZATION_LEVEL = "-O";
				VALIDATE_PRODUCT = YES;
			};
			name = Release;
		};
		8A62F6112829FD9F00451D61 /* Debug */ = {
			isa = XCBuildConfiguration;
			buildSettings = {
				ASSETCATALOG_COMPILER_APPICON_NAME = AppIcon;
				ASSETCATALOG_COMPILER_GLOBAL_ACCENT_COLOR_NAME = AccentColor;
				CODE_SIGN_STYLE = Automatic;
				CURRENT_PROJECT_VERSION = 1;
				GENERATE_INFOPLIST_FILE = YES;
				INFOPLIST_FILE = SonarQuebe/Info.plist;
				INFOPLIST_KEY_UIApplicationSupportsIndirectInputEvents = YES;
				INFOPLIST_KEY_UILaunchStoryboardName = LaunchScreen;
				INFOPLIST_KEY_UISupportedInterfaceOrientations_iPad = "UIInterfaceOrientationPortrait UIInterfaceOrientationPortraitUpsideDown UIInterfaceOrientationLandscapeLeft UIInterfaceOrientationLandscapeRight";
				INFOPLIST_KEY_UISupportedInterfaceOrientations_iPhone = "UIInterfaceOrientationPortrait UIInterfaceOrientationLandscapeLeft UIInterfaceOrientationLandscapeRight";
				IPHONEOS_DEPLOYMENT_TARGET = 13.0;
				LD_RUNPATH_SEARCH_PATHS = (
					"$(inherited)",
					"@executable_path/Frameworks",
				);
				MARKETING_VERSION = 1.0;
				PRODUCT_BUNDLE_IDENTIFIER = ml.khoavo.ios.sonar.SonarQuebe;
				PRODUCT_NAME = "$(TARGET_NAME)";
				SWIFT_EMIT_LOC_STRINGS = YES;
				SWIFT_VERSION = 5.0;
				TARGETED_DEVICE_FAMILY = 1;
			};
			name = Debug;
		};
		8A62F6122829FD9F00451D61 /* Release */ = {
			isa = XCBuildConfiguration;
			buildSettings = {
				ASSETCATALOG_COMPILER_APPICON_NAME = AppIcon;
				ASSETCATALOG_COMPILER_GLOBAL_ACCENT_COLOR_NAME = AccentColor;
				CODE_SIGN_STYLE = Automatic;
				CURRENT_PROJECT_VERSION = 1;
				GENERATE_INFOPLIST_FILE = YES;
				INFOPLIST_FILE = SonarQuebe/Info.plist;
				INFOPLIST_KEY_UIApplicationSupportsIndirectInputEvents = YES;
				INFOPLIST_KEY_UILaunchStoryboardName = LaunchScreen;
				INFOPLIST_KEY_UISupportedInterfaceOrientations_iPad = "UIInterfaceOrientationPortrait UIInterfaceOrientationPortraitUpsideDown UIInterfaceOrientationLandscapeLeft UIInterfaceOrientationLandscapeRight";
				INFOPLIST_KEY_UISupportedInterfaceOrientations_iPhone = "UIInterfaceOrientationPortrait UIInterfaceOrientationLandscapeLeft UIInterfaceOrientationLandscapeRight";
				IPHONEOS_DEPLOYMENT_TARGET = 13.0;
				LD_RUNPATH_SEARCH_PATHS = (
					"$(inherited)",
					"@executable_path/Frameworks",
				);
				MARKETING_VERSION = 1.0;
				PRODUCT_BUNDLE_IDENTIFIER = ml.khoavo.ios.sonar.SonarQuebe;
				PRODUCT_NAME = "$(TARGET_NAME)";
				SWIFT_EMIT_LOC_STRINGS = YES;
				SWIFT_VERSION = 5.0;
				TARGETED_DEVICE_FAMILY = 1;
			};
			name = Release;
		};
		8A62F6142829FD9F00451D61 /* Debug */ = {
			isa = XCBuildConfiguration;
			buildSettings = {
				ALWAYS_EMBED_SWIFT_STANDARD_LIBRARIES = YES;
				BUNDLE_LOADER = "$(TEST_HOST)";
				CODE_SIGN_STYLE = Automatic;
				CURRENT_PROJECT_VERSION = 1;
				GENERATE_INFOPLIST_FILE = YES;
				IPHONEOS_DEPLOYMENT_TARGET = 13.0;
				LD_RUNPATH_SEARCH_PATHS = (
					"$(inherited)",
					"@executable_path/Frameworks",
					"@loader_path/Frameworks",
				);
				MARKETING_VERSION = 1.0;
				PRODUCT_BUNDLE_IDENTIFIER = ml.khoavo.ios.sonar.SonarQuebeTests;
				PRODUCT_NAME = "$(TARGET_NAME)";
				SWIFT_EMIT_LOC_STRINGS = NO;
				SWIFT_VERSION = 5.0;
				TARGETED_DEVICE_FAMILY = "1,2";
				TEST_HOST = "$(BUILT_PRODUCTS_DIR)/SonarQuebe.app/SonarQuebe";
				TVOS_DEPLOYMENT_TARGET = 13.0;
			};
			name = Debug;
		};
		8A62F6152829FD9F00451D61 /* Release */ = {
			isa = XCBuildConfiguration;
			buildSettings = {
				ALWAYS_EMBED_SWIFT_STANDARD_LIBRARIES = YES;
				BUNDLE_LOADER = "$(TEST_HOST)";
				CODE_SIGN_STYLE = Automatic;
				CURRENT_PROJECT_VERSION = 1;
				GENERATE_INFOPLIST_FILE = YES;
				IPHONEOS_DEPLOYMENT_TARGET = 13.0;
				LD_RUNPATH_SEARCH_PATHS = (
					"$(inherited)",
					"@executable_path/Frameworks",
					"@loader_path/Frameworks",
				);
				MARKETING_VERSION = 1.0;
				PRODUCT_BUNDLE_IDENTIFIER = ml.khoavo.ios.sonar.SonarQuebeTests;
				PRODUCT_NAME = "$(TARGET_NAME)";
				SWIFT_EMIT_LOC_STRINGS = NO;
				SWIFT_VERSION = 5.0;
				TARGETED_DEVICE_FAMILY = "1,2";
				TEST_HOST = "$(BUILT_PRODUCTS_DIR)/SonarQuebe.app/SonarQuebe";
				TVOS_DEPLOYMENT_TARGET = 13.0;
			};
			name = Release;
		};
		8A62F6172829FD9F00451D61 /* Debug */ = {
			isa = XCBuildConfiguration;
			buildSettings = {
				ALWAYS_EMBED_SWIFT_STANDARD_LIBRARIES = YES;
				CODE_SIGN_STYLE = Automatic;
				CURRENT_PROJECT_VERSION = 1;
				GENERATE_INFOPLIST_FILE = YES;
				LD_RUNPATH_SEARCH_PATHS = (
					"$(inherited)",
					"@executable_path/Frameworks",
					"@loader_path/Frameworks",
				);
				MARKETING_VERSION = 1.0;
				PRODUCT_BUNDLE_IDENTIFIER = ml.khoavo.ios.sonar.SonarQuebeUITests;
				PRODUCT_NAME = "$(TARGET_NAME)";
				SWIFT_EMIT_LOC_STRINGS = NO;
				SWIFT_VERSION = 5.0;
				TARGETED_DEVICE_FAMILY = "1,2";
				TEST_TARGET_NAME = SonarQuebe;
			};
			name = Debug;
		};
		8A62F6182829FD9F00451D61 /* Release */ = {
			isa = XCBuildConfiguration;
			buildSettings = {
				ALWAYS_EMBED_SWIFT_STANDARD_LIBRARIES = YES;
				CODE_SIGN_STYLE = Automatic;
				CURRENT_PROJECT_VERSION = 1;
				GENERATE_INFOPLIST_FILE = YES;
				LD_RUNPATH_SEARCH_PATHS = (
					"$(inherited)",
					"@executable_path/Frameworks",
					"@loader_path/Frameworks",
				);
				MARKETING_VERSION = 1.0;
				PRODUCT_BUNDLE_IDENTIFIER = ml.khoavo.ios.sonar.SonarQuebeUITests;
				PRODUCT_NAME = "$(TARGET_NAME)";
				SWIFT_EMIT_LOC_STRINGS = NO;
				SWIFT_VERSION = 5.0;
				TARGETED_DEVICE_FAMILY = "1,2";
				TEST_TARGET_NAME = SonarQuebe;
			};
			name = Release;
		};
/* End XCBuildConfiguration section */

/* Begin XCConfigurationList section */
		8A62F5E12829FD9E00451D61 /* Build configuration list for PBXProject "SonarQuebe" */ = {
			isa = XCConfigurationList;
			buildConfigurations = (
				8A62F60E2829FD9F00451D61 /* Debug */,
				8A62F60F2829FD9F00451D61 /* Release */,
			);
			defaultConfigurationIsVisible = 0;
			defaultConfigurationName = Release;
		};
		8A62F6102829FD9F00451D61 /* Build configuration list for PBXNativeTarget "SonarQuebe" */ = {
			isa = XCConfigurationList;
			buildConfigurations = (
				8A62F6112829FD9F00451D61 /* Debug */,
				8A62F6122829FD9F00451D61 /* Release */,
			);
			defaultConfigurationIsVisible = 0;
			defaultConfigurationName = Release;
		};
		8A62F6132829FD9F00451D61 /* Build configuration list for PBXNativeTarget "SonarQuebeTests" */ = {
			isa = XCConfigurationList;
			buildConfigurations = (
				8A62F6142829FD9F00451D61 /* Debug */,
				8A62F6152829FD9F00451D61 /* Release */,
			);
			defaultConfigurationIsVisible = 0;
			defaultConfigurationName = Release;
		};
		8A62F6162829FD9F00451D61 /* Build configuration list for PBXNativeTarget "SonarQuebeUITests" */ = {
			isa = XCConfigurationList;
			buildConfigurations = (
				8A62F6172829FD9F00451D61 /* Debug */,
				8A62F6182829FD9F00451D61 /* Release */,
			);
			defaultConfigurationIsVisible = 0;
			defaultConfigurationName = Release;
		};
/* End XCConfigurationList section */
	};
	rootObject = 8A62F5DE2829FD9E00451D61 /* Project object */;
}
